
Microsoft Visual Studio Solution File, Format Version 12.00
# Visual Studio Version 16
VisualStudioVersion = 16.0.31005.135
MinimumVisualStudioVersion = 10.0.40219.1
Project("{FAE04EC0-301F-11D3-BF4B-00C04F79EFBC}") = "Lab_2", "Lab_2\Lab_2.csproj", "{C166C835-DA19-4153-BD9A-1CD122A96EF9}"
EndProject
Global
	GlobalSection(SolutionConfigurationPlatforms) = preSolution
		Debug|Any CPU = Debug|Any CPU
		Release|Any CPU = Release|Any CPU
	EndGlobalSection
	GlobalSection(ProjectConfigurationPlatforms) = postSolution
		{C166C835-DA19-4153-BD9A-1CD122A96EF9}.Debug|Any CPU.ActiveCfg = Debug|Any CPU
		{C166C835-DA19-4153-BD9A-1CD122A96EF9}.Debug|Any CPU.Build.0 = Debug|Any CPU
		{C166C835-DA19-4153-BD9A-1CD122A96EF9}.Release|Any CPU.ActiveCfg = Release|Any CPU
		{C166C835-DA19-4153-BD9A-1CD122A96EF9}.Release|Any CPU.Build.0 = Release|Any CPU
	EndGlobalSection
	GlobalSection(SolutionProperties) = preSolution
		HideSolutionNode = FALSE
	EndGlobalSection
	GlobalSection(ExtensibilityGlobals) = postSolution
		SolutionGuid = {CFE848CF-1179-4E39-B5D0-E050A75F5BC0}
	EndGlobalSection
EndGlobal
